// !$*UTF8*$!
{
	archiveVersion = 1;
	classes = {
	};
	objectVersion = 50;
	objects = {

/* Begin PBXBuildFile section */
		DBA00CAC23F28D100018BA5D /* AppDelegate.swift in Sources */ = {isa = PBXBuildFile; fileRef = DBA00CAB23F28D100018BA5D /* AppDelegate.swift */; };
		DBA00CAE23F28D100018BA5D /* SceneDelegate.swift in Sources */ = {isa = PBXBuildFile; fileRef = DBA00CAD23F28D100018BA5D /* SceneDelegate.swift */; };
		DBA00CB023F28D100018BA5D /* ViewController.swift in Sources */ = {isa = PBXBuildFile; fileRef = DBA00CAF23F28D100018BA5D /* ViewController.swift */; };
		DBA00CB323F28D100018BA5D /* Main.storyboard in Resources */ = {isa = PBXBuildFile; fileRef = DBA00CB123F28D100018BA5D /* Main.storyboard */; };
		DBA00CB623F28D100018BA5D /* Delegate_and_Protocol.xcdatamodeld in Sources */ = {isa = PBXBuildFile; fileRef = DBA00CB423F28D100018BA5D /* Delegate_and_Protocol.xcdatamodeld */; };
		DBA00CB823F28D120018BA5D /* Assets.xcassets in Resources */ = {isa = PBXBuildFile; fileRef = DBA00CB723F28D120018BA5D /* Assets.xcassets */; };
		DBA00CBB23F28D120018BA5D /* LaunchScreen.storyboard in Resources */ = {isa = PBXBuildFile; fileRef = DBA00CB923F28D120018BA5D /* LaunchScreen.storyboard */; };
		DBA00CC623F28D130018BA5D /* Delegate_and_ProtocolTests.swift in Sources */ = {isa = PBXBuildFile; fileRef = DBA00CC523F28D130018BA5D /* Delegate_and_ProtocolTests.swift */; };
		DBA00CD123F28D130018BA5D /* Delegate_and_ProtocolUITests.swift in Sources */ = {isa = PBXBuildFile; fileRef = DBA00CD023F28D130018BA5D /* Delegate_and_ProtocolUITests.swift */; };
		DBA00CDF23F28DA90018BA5D /* NewViewController.swift in Sources */ = {isa = PBXBuildFile; fileRef = DBA00CDE23F28DA90018BA5D /* NewViewController.swift */; };
/* End PBXBuildFile section */

/* Begin PBXContainerItemProxy section */
		DBA00CC223F28D130018BA5D /* PBXContainerItemProxy */ = {
			isa = PBXContainerItemProxy;
			containerPortal = DBA00CA023F28D100018BA5D /* Project object */;
			proxyType = 1;
			remoteGlobalIDString = DBA00CA723F28D100018BA5D;
			remoteInfo = "Delegate and Protocol";
		};
		DBA00CCD23F28D130018BA5D /* PBXContainerItemProxy */ = {
			isa = PBXContainerItemProxy;
			containerPortal = DBA00CA023F28D100018BA5D /* Project object */;
			proxyType = 1;
			remoteGlobalIDString = DBA00CA723F28D100018BA5D;
			remoteInfo = "Delegate and Protocol";
		};
/* End PBXContainerItemProxy section */

/* Begin PBXFileReference section */
		DBA00CA823F28D100018BA5D /* Delegate and Protocol.app */ = {isa = PBXFileReference; explicitFileType = wrapper.application; includeInIndex = 0; path = "Delegate and Protocol.app"; sourceTree = BUILT_PRODUCTS_DIR; };
		DBA00CAB23F28D100018BA5D /* AppDelegate.swift */ = {isa = PBXFileReference; lastKnownFileType = sourcecode.swift; path = AppDelegate.swift; sourceTree = "<group>"; };
		DBA00CAD23F28D100018BA5D /* SceneDelegate.swift */ = {isa = PBXFileReference; lastKnownFileType = sourcecode.swift; path = SceneDelegate.swift; sourceTree = "<group>"; };
		DBA00CAF23F28D100018BA5D /* ViewController.swift */ = {isa = PBXFileReference; lastKnownFileType = sourcecode.swift; path = ViewController.swift; sourceTree = "<group>"; };
		DBA00CB223F28D100018BA5D /* Base */ = {isa = PBXFileReference; lastKnownFileType = file.storyboard; name = Base; path = Base.lproj/Main.storyboard; sourceTree = "<group>"; };
		DBA00CB523F28D100018BA5D /* Delegate_and_Protocol.xcdatamodel */ = {isa = PBXFileReference; lastKnownFileType = wrapper.xcdatamodel; path = Delegate_and_Protocol.xcdatamodel; sourceTree = "<group>"; };
		DBA00CB723F28D120018BA5D /* Assets.xcassets */ = {isa = PBXFileReference; lastKnownFileType = folder.assetcatalog; path = Assets.xcassets; sourceTree = "<group>"; };
		DBA00CBA23F28D120018BA5D /* Base */ = {isa = PBXFileReference; lastKnownFileType = file.storyboard; name = Base; path = Base.lproj/LaunchScreen.storyboard; sourceTree = "<group>"; };
		DBA00CBC23F28D120018BA5D /* Info.plist */ = {isa = PBXFileReference; lastKnownFileType = text.plist.xml; path = Info.plist; sourceTree = "<group>"; };
		DBA00CC123F28D130018BA5D /* Delegate and ProtocolTests.xctest */ = {isa = PBXFileReference; explicitFileType = wrapper.cfbundle; includeInIndex = 0; path = "Delegate and ProtocolTests.xctest"; sourceTree = BUILT_PRODUCTS_DIR; };
		DBA00CC523F28D130018BA5D /* Delegate_and_ProtocolTests.swift */ = {isa = PBXFileReference; lastKnownFileType = sourcecode.swift; path = Delegate_and_ProtocolTests.swift; sourceTree = "<group>"; };
		DBA00CC723F28D130018BA5D /* Info.plist */ = {isa = PBXFileReference; lastKnownFileType = text.plist.xml; path = Info.plist; sourceTree = "<group>"; };
		DBA00CCC23F28D130018BA5D /* Delegate and ProtocolUITests.xctest */ = {isa = PBXFileReference; explicitFileType = wrapper.cfbundle; includeInIndex = 0; path = "Delegate and ProtocolUITests.xctest"; sourceTree = BUILT_PRODUCTS_DIR; };
		DBA00CD023F28D130018BA5D /* Delegate_and_ProtocolUITests.swift */ = {isa = PBXFileReference; lastKnownFileType = sourcecode.swift; path = Delegate_and_ProtocolUITests.swift; sourceTree = "<group>"; };
		DBA00CD223F28D130018BA5D /* Info.plist */ = {isa = PBXFileReference; lastKnownFileType = text.plist.xml; path = Info.plist; sourceTree = "<group>"; };
		DBA00CDE23F28DA90018BA5D /* NewViewController.swift */ = {isa = PBXFileReference; lastKnownFileType = sourcecode.swift; path = NewViewController.swift; sourceTree = "<group>"; };
/* End PBXFileReference section */

/* Begin PBXFrameworksBuildPhase section */
		DBA00CA523F28D100018BA5D /* Frameworks */ = {
			isa = PBXFrameworksBuildPhase;
			buildActionMask = 2147483647;
			files = (
			);
			runOnlyForDeploymentPostprocessing = 0;
		};
		DBA00CBE23F28D130018BA5D /* Frameworks */ = {
			isa = PBXFrameworksBuildPhase;
			buildActionMask = 2147483647;
			files = (
			);
			runOnlyForDeploymentPostprocessing = 0;
		};
		DBA00CC923F28D130018BA5D /* Frameworks */ = {
			isa = PBXFrameworksBuildPhase;
			buildActionMask = 2147483647;
			files = (
			);
			runOnlyForDeploymentPostprocessing = 0;
		};
/* End PBXFrameworksBuildPhase section */

/* Begin PBXGroup section */
		DBA00C9F23F28D100018BA5D = {
			isa = PBXGroup;
			children = (
				DBA00CAA23F28D100018BA5D /* Delegate and Protocol */,
				DBA00CC423F28D130018BA5D /* Delegate and ProtocolTests */,
				DBA00CCF23F28D130018BA5D /* Delegate and ProtocolUITests */,
				DBA00CA923F28D100018BA5D /* Products */,
			);
			sourceTree = "<group>";
		};
		DBA00CA923F28D100018BA5D /* Products */ = {
			isa = PBXGroup;
			children = (
				DBA00CA823F28D100018BA5D /* Delegate and Protocol.app */,
				DBA00CC123F28D130018BA5D /* Delegate and ProtocolTests.xctest */,
				DBA00CCC23F28D130018BA5D /* Delegate and ProtocolUITests.xctest */,
			);
			name = Products;
			sourceTree = "<group>";
		};
		DBA00CAA23F28D100018BA5D /* Delegate and Protocol */ = {
			isa = PBXGroup;
			children = (
				DBA00CAB23F28D100018BA5D /* AppDelegate.swift */,
				DBA00CAD23F28D100018BA5D /* SceneDelegate.swift */,
				DBA00CAF23F28D100018BA5D /* ViewController.swift */,
				DBA00CDE23F28DA90018BA5D /* NewViewController.swift */,
				DBA00CB123F28D100018BA5D /* Main.storyboard */,
				DBA00CB723F28D120018BA5D /* Assets.xcassets */,
				DBA00CB923F28D120018BA5D /* LaunchScreen.storyboard */,
				DBA00CBC23F28D120018BA5D /* Info.plist */,
				DBA00CB423F28D100018BA5D /* Delegate_and_Protocol.xcdatamodeld */,
			);
			path = "Delegate and Protocol";
			sourceTree = "<group>";
		};
		DBA00CC423F28D130018BA5D /* Delegate and ProtocolTests */ = {
			isa = PBXGroup;
			children = (
				DBA00CC523F28D130018BA5D /* Delegate_and_ProtocolTests.swift */,
				DBA00CC723F28D130018BA5D /* Info.plist */,
			);
			path = "Delegate and ProtocolTests";
			sourceTree = "<group>";
		};
		DBA00CCF23F28D130018BA5D /* Delegate and ProtocolUITests */ = {
			isa = PBXGroup;
			children = (
				DBA00CD023F28D130018BA5D /* Delegate_and_ProtocolUITests.swift */,
				DBA00CD223F28D130018BA5D /* Info.plist */,
			);
			path = "Delegate and ProtocolUITests";
			sourceTree = "<group>";
		};
/* End PBXGroup section */

/* Begin PBXNativeTarget section */
		DBA00CA723F28D100018BA5D /* Delegate and Protocol */ = {
			isa = PBXNativeTarget;
			buildConfigurationList = DBA00CD523F28D130018BA5D /* Build configuration list for PBXNativeTarget "Delegate and Protocol" */;
			buildPhases = (
				DBA00CA423F28D100018BA5D /* Sources */,
				DBA00CA523F28D100018BA5D /* Frameworks */,
				DBA00CA623F28D100018BA5D /* Resources */,
			);
			buildRules = (
			);
			dependencies = (
			);
			name = "Delegate and Protocol";
			productName = "Delegate and Protocol";
			productReference = DBA00CA823F28D100018BA5D /* Delegate and Protocol.app */;
			productType = "com.apple.product-type.application";
		};
		DBA00CC023F28D130018BA5D /* Delegate and ProtocolTests */ = {
			isa = PBXNativeTarget;
			buildConfigurationList = DBA00CD823F28D130018BA5D /* Build configuration list for PBXNativeTarget "Delegate and ProtocolTests" */;
			buildPhases = (
				DBA00CBD23F28D130018BA5D /* Sources */,
				DBA00CBE23F28D130018BA5D /* Frameworks */,
				DBA00CBF23F28D130018BA5D /* Resources */,
			);
			buildRules = (
			);
			dependencies = (
				DBA00CC323F28D130018BA5D /* PBXTargetDependency */,
			);
			name = "Delegate and ProtocolTests";
			productName = "Delegate and ProtocolTests";
			productReference = DBA00CC123F28D130018BA5D /* Delegate and ProtocolTests.xctest */;
			productType = "com.apple.product-type.bundle.unit-test";
		};
		DBA00CCB23F28D130018BA5D /* Delegate and ProtocolUITests */ = {
			isa = PBXNativeTarget;
			buildConfigurationList = DBA00CDB23F28D130018BA5D /* Build configuration list for PBXNativeTarget "Delegate and ProtocolUITests" */;
			buildPhases = (
				DBA00CC823F28D130018BA5D /* Sources */,
				DBA00CC923F28D130018BA5D /* Frameworks */,
				DBA00CCA23F28D130018BA5D /* Resources */,
			);
			buildRules = (
			);
			dependencies = (
				DBA00CCE23F28D130018BA5D /* PBXTargetDependency */,
			);
			name = "Delegate and ProtocolUITests";
			productName = "Delegate and ProtocolUITests";
			productReference = DBA00CCC23F28D130018BA5D /* Delegate and ProtocolUITests.xctest */;
			productType = "com.apple.product-type.bundle.ui-testing";
		};
/* End PBXNativeTarget section */

/* Begin PBXProject section */
		DBA00CA023F28D100018BA5D /* Project object */ = {
			isa = PBXProject;
			attributes = {
				LastSwiftUpdateCheck = 1120;
				LastUpgradeCheck = 1120;
				ORGANIZATIONNAME = "iim jobs";
				TargetAttributes = {
					DBA00CA723F28D100018BA5D = {
						CreatedOnToolsVersion = 11.2.1;
					};
					DBA00CC023F28D130018BA5D = {
						CreatedOnToolsVersion = 11.2.1;
						TestTargetID = DBA00CA723F28D100018BA5D;
					};
					DBA00CCB23F28D130018BA5D = {
						CreatedOnToolsVersion = 11.2.1;
						TestTargetID = DBA00CA723F28D100018BA5D;
					};
				};
			};
			buildConfigurationList = DBA00CA323F28D100018BA5D /* Build configuration list for PBXProject "Delegate and Protocol" */;
			compatibilityVersion = "Xcode 9.3";
			developmentRegion = en;
			hasScannedForEncodings = 0;
			knownRegions = (
				en,
				Base,
			);
			mainGroup = DBA00C9F23F28D100018BA5D;
			productRefGroup = DBA00CA923F28D100018BA5D /* Products */;
			projectDirPath = "";
			projectRoot = "";
			targets = (
				DBA00CA723F28D100018BA5D /* Delegate and Protocol */,
				DBA00CC023F28D130018BA5D /* Delegate and ProtocolTests */,
				DBA00CCB23F28D130018BA5D /* Delegate and ProtocolUITests */,
			);
		};
/* End PBXProject section */

/* Begin PBXResourcesBuildPhase section */
		DBA00CA623F28D100018BA5D /* Resources */ = {
			isa = PBXResourcesBuildPhase;
			buildActionMask = 2147483647;
			files = (
				DBA00CBB23F28D120018BA5D /* LaunchScreen.storyboard in Resources */,
				DBA00CB823F28D120018BA5D /* Assets.xcassets in Resources */,
				DBA00CB323F28D100018BA5D /* Main.storyboard in Resources */,
			);
			runOnlyForDeploymentPostprocessing = 0;
		};
		DBA00CBF23F28D130018BA5D /* Resources */ = {
			isa = PBXResourcesBuildPhase;
			buildActionMask = 2147483647;
			files = (
			);
			runOnlyForDeploymentPostprocessing = 0;
		};
		DBA00CCA23F28D130018BA5D /* Resources */ = {
			isa = PBXResourcesBuildPhase;
			buildActionMask = 2147483647;
			files = (
			);
			runOnlyForDeploymentPostprocessing = 0;
		};
/* End PBXResourcesBuildPhase section */

/* Begin PBXSourcesBuildPhase section */
		DBA00CA423F28D100018BA5D /* Sources */ = {
			isa = PBXSourcesBuildPhase;
			buildActionMask = 2147483647;
			files = (
				DBA00CB623F28D100018BA5D /* Delegate_and_Protocol.xcdatamodeld in Sources */,
				DBA00CB023F28D100018BA5D /* ViewController.swift in Sources */,
				DBA00CDF23F28DA90018BA5D /* NewViewController.swift in Sources */,
				DBA00CAC23F28D100018BA5D /* AppDelegate.swift in Sources */,
				DBA00CAE23F28D100018BA5D /* SceneDelegate.swift in Sources */,
			);
			runOnlyForDeploymentPostprocessing = 0;
		};
		DBA00CBD23F28D130018BA5D /* Sources */ = {
			isa = PBXSourcesBuildPhase;
			buildActionMask = 2147483647;
			files = (
				DBA00CC623F28D130018BA5D /* Delegate_and_ProtocolTests.swift in Sources */,
			);
			runOnlyForDeploymentPostprocessing = 0;
		};
		DBA00CC823F28D130018BA5D /* Sources */ = {
			isa = PBXSourcesBuildPhase;
			buildActionMask = 2147483647;
			files = (
				DBA00CD123F28D130018BA5D /* Delegate_and_ProtocolUITests.swift in Sources */,
			);
			runOnlyForDeploymentPostprocessing = 0;
		};
/* End PBXSourcesBuildPhase section */

/* Begin PBXTargetDependency section */
		DBA00CC323F28D130018BA5D /* PBXTargetDependency */ = {
			isa = PBXTargetDependency;
			target = DBA00CA723F28D100018BA5D /* Delegate and Protocol */;
			targetProxy = DBA00CC223F28D130018BA5D /* PBXContainerItemProxy */;
		};
		DBA00CCE23F28D130018BA5D /* PBXTargetDependency */ = {
			isa = PBXTargetDependency;
			target = DBA00CA723F28D100018BA5D /* Delegate and Protocol */;
			targetProxy = DBA00CCD23F28D130018BA5D /* PBXContainerItemProxy */;
		};
/* End PBXTargetDependency section */

/* Begin PBXVariantGroup section */
		DBA00CB123F28D100018BA5D /* Main.storyboard */ = {
			isa = PBXVariantGroup;
			children = (
				DBA00CB223F28D100018BA5D /* Base */,
			);
			name = Main.storyboard;
			sourceTree = "<group>";
		};
		DBA00CB923F28D120018BA5D /* LaunchScreen.storyboard */ = {
			isa = PBXVariantGroup;
			children = (
				DBA00CBA23F28D120018BA5D /* Base */,
			);
			name = LaunchScreen.storyboard;
			sourceTree = "<group>";
		};
/* End PBXVariantGroup section */

/* Begin XCBuildConfiguration section */
		DBA00CD323F28D130018BA5D /* Debug */ = {
			isa = XCBuildConfiguration;
			buildSettings = {
				ALWAYS_SEARCH_USER_PATHS = NO;
				CLANG_ANALYZER_NONNULL = YES;
				CLANG_ANALYZER_NUMBER_OBJECT_CONVERSION = YES_AGGRESSIVE;
				CLANG_CXX_LANGUAGE_STANDARD = "gnu++14";
				CLANG_CXX_LIBRARY = "libc++";
				CLANG_ENABLE_MODULES = YES;
				CLANG_ENABLE_OBJC_ARC = YES;
				CLANG_ENABLE_OBJC_WEAK = YES;
				CLANG_WARN_BLOCK_CAPTURE_AUTORELEASING = YES;
				CLANG_WARN_BOOL_CONVERSION = YES;
				CLANG_WARN_COMMA = YES;
				CLANG_WARN_CONSTANT_CONVERSION = YES;
				CLANG_WARN_DEPRECATED_OBJC_IMPLEMENTATIONS = YES;
				CLANG_WARN_DIRECT_OBJC_ISA_USAGE = YES_ERROR;
				CLANG_WARN_DOCUMENTATION_COMMENTS = YES;
				CLANG_WARN_EMPTY_BODY = YES;
				CLANG_WARN_ENUM_CONVERSION = YES;
				CLANG_WARN_INFINITE_RECURSION = YES;
				CLANG_WARN_INT_CONVERSION = YES;
				CLANG_WARN_NON_LITERAL_NULL_CONVERSION = YES;
				CLANG_WARN_OBJC_IMPLICIT_RETAIN_SELF = YES;
				CLANG_WARN_OBJC_LITERAL_CONVERSION = YES;
				CLANG_WARN_OBJC_ROOT_CLASS = YES_ERROR;
				CLANG_WARN_RANGE_LOOP_ANALYSIS = YES;
				CLANG_WARN_STRICT_PROTOTYPES = YES;
				CLANG_WARN_SUSPICIOUS_MOVE = YES;
				CLANG_WARN_UNGUARDED_AVAILABILITY = YES_AGGRESSIVE;
				CLANG_WARN_UNREACHABLE_CODE = YES;
				CLANG_WARN__DUPLICATE_METHOD_MATCH = YES;
				COPY_PHASE_STRIP = NO;
				DEBUG_INFORMATION_FORMAT = dwarf;
				ENABLE_STRICT_OBJC_MSGSEND = YES;
				ENABLE_TESTABILITY = YES;
				GCC_C_LANGUAGE_STANDARD = gnu11;
				GCC_DYNAMIC_NO_PIC = NO;
				GCC_NO_COMMON_BLOCKS = YES;
				GCC_OPTIMIZATION_LEVEL = 0;
				GCC_PREPROCESSOR_DEFINITIONS = (
					"DEBUG=1",
					"$(inherited)",
				);
				GCC_WARN_64_TO_32_BIT_CONVERSION = YES;
				GCC_WARN_ABOUT_RETURN_TYPE = YES_ERROR;
				GCC_WARN_UNDECLARED_SELECTOR = YES;
				GCC_WARN_UNINITIALIZED_AUTOS = YES_AGGRESSIVE;
				GCC_WARN_UNUSED_FUNCTION = YES;
				GCC_WARN_UNUSED_VARIABLE = YES;
				IPHONEOS_DEPLOYMENT_TARGET = 13.2;
				MTL_ENABLE_DEBUG_INFO = INCLUDE_SOURCE;
				MTL_FAST_MATH = YES;
				ONLY_ACTIVE_ARCH = YES;
				SDKROOT = iphoneos;
				SWIFT_ACTIVE_COMPILATION_CONDITIONS = DEBUG;
				SWIFT_OPTIMIZATION_LEVEL = "-Onone";
			};
			name = Debug;
		};
		DBA00CD423F28D130018BA5D /* Release */ = {
			isa = XCBuildConfiguration;
			buildSettings = {
				ALWAYS_SEARCH_USER_PATHS = NO;
				CLANG_ANALYZER_NONNULL = YES;
				CLANG_ANALYZER_NUMBER_OBJECT_CONVERSION = YES_AGGRESSIVE;
				CLANG_CXX_LANGUAGE_STANDARD = "gnu++14";
				CLANG_CXX_LIBRARY = "libc++";
				CLANG_ENABLE_MODULES = YES;
				CLANG_ENABLE_OBJC_ARC = YES;
				CLANG_ENABLE_OBJC_WEAK = YES;
				CLANG_WARN_BLOCK_CAPTURE_AUTORELEASING = YES;
				CLANG_WARN_BOOL_CONVERSION = YES;
				CLANG_WARN_COMMA = YES;
				CLANG_WARN_CONSTANT_CONVERSION = YES;
				CLANG_WARN_DEPRECATED_OBJC_IMPLEMENTATIONS = YES;
				CLANG_WARN_DIRECT_OBJC_ISA_USAGE = YES_ERROR;
				CLANG_WARN_DOCUMENTATION_COMMENTS = YES;
				CLANG_WARN_EMPTY_BODY = YES;
				CLANG_WARN_ENUM_CONVERSION = YES;
				CLANG_WARN_INFINITE_RECURSION = YES;
				CLANG_WARN_INT_CONVERSION = YES;
				CLANG_WARN_NON_LITERAL_NULL_CONVERSION = YES;
				CLANG_WARN_OBJC_IMPLICIT_RETAIN_SELF = YES;
				CLANG_WARN_OBJC_LITERAL_CONVERSION = YES;
				CLANG_WARN_OBJC_ROOT_CLASS = YES_ERROR;
				CLANG_WARN_RANGE_LOOP_ANALYSIS = YES;
				CLANG_WARN_STRICT_PROTOTYPES = YES;
				CLANG_WARN_SUSPICIOUS_MOVE = YES;
				CLANG_WARN_UNGUARDED_AVAILABILITY = YES_AGGRESSIVE;
				CLANG_WARN_UNREACHABLE_CODE = YES;
				CLANG_WARN__DUPLICATE_METHOD_MATCH = YES;
				COPY_PHASE_STRIP = NO;
				DEBUG_INFORMATION_FORMAT = "dwarf-with-dsym";
				ENABLE_NS_ASSERTIONS = NO;
				ENABLE_STRICT_OBJC_MSGSEND = YES;
				GCC_C_LANGUAGE_STANDARD = gnu11;
				GCC_NO_COMMON_BLOCKS = YES;
				GCC_WARN_64_TO_32_BIT_CONVERSION = YES;
				GCC_WARN_ABOUT_RETURN_TYPE = YES_ERROR;
				GCC_WARN_UNDECLARED_SELECTOR = YES;
				GCC_WARN_UNINITIALIZED_AUTOS = YES_AGGRESSIVE;
				GCC_WARN_UNUSED_FUNCTION = YES;
				GCC_WARN_UNUSED_VARIABLE = YES;
				IPHONEOS_DEPLOYMENT_TARGET = 13.2;
				MTL_ENABLE_DEBUG_INFO = NO;
				MTL_FAST_MATH = YES;
				SDKROOT = iphoneos;
				SWIFT_COMPILATION_MODE = wholemodule;
				SWIFT_OPTIMIZATION_LEVEL = "-O";
				VALIDATE_PRODUCT = YES;
			};
			name = Release;
		};
		DBA00CD623F28D130018BA5D /* Debug */ = {
			isa = XCBuildConfiguration;
			buildSettings = {
				ASSETCATALOG_COMPILER_APPICON_NAME = AppIcon;
				CODE_SIGN_STYLE = Automatic;
				INFOPLIST_FILE = "Delegate and Protocol/Info.plist";
				LD_RUNPATH_SEARCH_PATHS = (
					"$(inherited)",
					"@executable_path/Frameworks",
				);
				PRODUCT_BUNDLE_IDENTIFIER = "com.iimjobs.com.Delegate-and-Protocol";
				PRODUCT_NAME = "$(TARGET_NAME)";
				SWIFT_VERSION = 5.0;
				TARGETED_DEVICE_FAMILY = "1,2";
			};
			name = Debug;
		};
		DBA00CD723F28D130018BA5D /* Release */ = {
			isa = XCBuildConfiguration;
			buildSettings = {
				ASSETCATALOG_COMPILER_APPICON_NAME = AppIcon;
				CODE_SIGN_STYLE = Automatic;
				INFOPLIST_FILE = "Delegate and Protocol/Info.plist";
				LD_RUNPATH_SEARCH_PATHS = (
					"$(inherited)",
					"@executable_path/Frameworks",
				);
				PRODUCT_BUNDLE_IDENTIFIER = "com.iimjobs.com.Delegate-and-Protocol";
				PRODUCT_NAME = "$(TARGET_NAME)";
				SWIFT_VERSION = 5.0;
				TARGETED_DEVICE_FAMILY = "1,2";
			};
			name = Release;
		};
		DBA00CD923F28D130018BA5D /* Debug */ = {
			isa = XCBuildConfiguration;
			buildSettings = {
				ALWAYS_EMBED_SWIFT_STANDARD_LIBRARIES = YES;
				BUNDLE_LOADER = "$(TEST_HOST)";
				CODE_SIGN_STYLE = Automatic;
				INFOPLIST_FILE = "Delegate and ProtocolTests/Info.plist";
				IPHONEOS_DEPLOYMENT_TARGET = 13.2;
				LD_RUNPATH_SEARCH_PATHS = (
					"$(inherited)",
					"@executable_path/Frameworks",
					"@loader_path/Frameworks",
				);
				PRODUCT_BUNDLE_IDENTIFIER = "com.iimjobs.com.Delegate-and-ProtocolTests";
				PRODUCT_NAME = "$(TARGET_NAME)";
				SWIFT_VERSION = 5.0;
				TARGETED_DEVICE_FAMILY = "1,2";
				TEST_HOST = "$(BUILT_PRODUCTS_DIR)/Delegate and Protocol.app/Delegate and Protocol";
			};
			name = Debug;
		};
		DBA00CDA23F28D130018BA5D /* Release */ = {
			isa = XCBuildConfiguration;
			buildSettings = {
				ALWAYS_EMBED_SWIFT_STANDARD_LIBRARIES = YES;
				BUNDLE_LOADER = "$(TEST_HOST)";
				CODE_SIGN_STYLE = Automatic;
				INFOPLIST_FILE = "Delegate and ProtocolTests/Info.plist";
				IPHONEOS_DEPLOYMENT_TARGET = 13.2;
				LD_RUNPATH_SEARCH_PATHS = (
					"$(inherited)",
					"@executable_path/Frameworks",
					"@loader_path/Frameworks",
				);
				PRODUCT_BUNDLE_IDENTIFIER = "com.iimjobs.com.Delegate-and-ProtocolTests";
				PRODUCT_NAME = "$(TARGET_NAME)";
				SWIFT_VERSION = 5.0;
				TARGETED_DEVICE_FAMILY = "1,2";
				TEST_HOST = "$(BUILT_PRODUCTS_DIR)/Delegate and Protocol.app/Delegate and Protocol";
			};
			name = Release;
		};
		DBA00CDC23F28D130018BA5D /* Debug */ = {
			isa = XCBuildConfiguration;
			buildSettings = {
				ALWAYS_EMBED_SWIFT_STANDARD_LIBRARIES = YES;
				CODE_SIGN_STYLE = Automatic;
				INFOPLIST_FILE = "Delegate and ProtocolUITests/Info.plist";
				LD_RUNPATH_SEARCH_PATHS = (
					"$(inherited)",
					"@executable_path/Frameworks",
					"@loader_path/Frameworks",
				);
				PRODUCT_BUNDLE_IDENTIFIER = "com.iimjobs.com.Delegate-and-ProtocolUITests";
				PRODUCT_NAME = "$(TARGET_NAME)";
				SWIFT_VERSION = 5.0;
				TARGETED_DEVICE_FAMILY = "1,2";
				TEST_TARGET_NAME = "Delegate and Protocol";
			};
			name = Debug;
		};
		DBA00CDD23F28D130018BA5D /* Release */ = {
			isa = XCBuildConfiguration;
			buildSettings = {
				ALWAYS_EMBED_SWIFT_STANDARD_LIBRARIES = YES;
				CODE_SIGN_STYLE = Automatic;
				INFOPLIST_FILE = "Delegate and ProtocolUITests/Info.plist";
				LD_RUNPATH_SEARCH_PATHS = (
					"$(inherited)",
					"@executable_path/Frameworks",
					"@loader_path/Frameworks",
				);
				PRODUCT_BUNDLE_IDENTIFIER = "com.iimjobs.com.Delegate-and-ProtocolUITests";
				PRODUCT_NAME = "$(TARGET_NAME)";
				SWIFT_VERSION = 5.0;
				TARGETED_DEVICE_FAMILY = "1,2";
				TEST_TARGET_NAME = "Delegate and Protocol";
			};
			name = Release;
		};
/* End XCBuildConfiguration section */

/* Begin XCConfigurationList section */
		DBA00CA323F28D100018BA5D /* Build configuration list for PBXProject "Delegate and Protocol" */ = {
			isa = XCConfigurationList;
			buildConfigurations = (
				DBA00CD323F28D130018BA5D /* Debug */,
				DBA00CD423F28D130018BA5D /* Release */,
			);
			defaultConfigurationIsVisible = 0;
			defaultConfigurationName = Release;
		};
		DBA00CD523F28D130018BA5D /* Build configuration list for PBXNativeTarget "Delegate and Protocol" */ = {
			isa = XCConfigurationList;
			buildConfigurations = (
				DBA00CD623F28D130018BA5D /* Debug */,
				DBA00CD723F28D130018BA5D /* Release */,
			);
			defaultConfigurationIsVisible = 0;
			defaultConfigurationName = Release;
		};
		DBA00CD823F28D130018BA5D /* Build configuration list for PBXNativeTarget "Delegate and ProtocolTests" */ = {
			isa = XCConfigurationList;
			buildConfigurations = (
				DBA00CD923F28D130018BA5D /* Debug */,
				DBA00CDA23F28D130018BA5D /* Release */,
			);
			defaultConfigurationIsVisible = 0;
			defaultConfigurationName = Release;
		};
		DBA00CDB23F28D130018BA5D /* Build configuration list for PBXNativeTarget "Delegate and ProtocolUITests" */ = {
			isa = XCConfigurationList;
			buildConfigurations = (
				DBA00CDC23F28D130018BA5D /* Debug */,
				DBA00CDD23F28D130018BA5D /* Release */,
			);
			defaultConfigurationIsVisible = 0;
			defaultConfigurationName = Release;
		};
/* End XCConfigurationList section */

/* Begin XCVersionGroup section */
		DBA00CB423F28D100018BA5D /* Delegate_and_Protocol.xcdatamodeld */ = {
			isa = XCVersionGroup;
			children = (
				DBA00CB523F28D100018BA5D /* Delegate_and_Protocol.xcdatamodel */,
			);
			currentVersion = DBA00CB523F28D100018BA5D /* Delegate_and_Protocol.xcdatamodel */;
			path = Delegate_and_Protocol.xcdatamodeld;
			sourceTree = "<group>";
			versionGroupType = wrapper.xcdatamodel;
		};
/* End XCVersionGroup section */
	};
	rootObject = DBA00CA023F28D100018BA5D /* Project object */;
}
